{
  "name": "substack-draft-mcp",
  "version": "0.1.0",
  "lockfileVersion": 3,
  "requires": true,
  "packages": {
    "": {
      "name": "substack-draft-mcp",
      "version": "0.1.0",
      "license": "MIT",
      "bin": {
        "substack-draft-mcp": "src/server.mjs"
      },
      "engines": {
        "node": ">=20"
      }
    }
  }
}
